
Microsoft Visual Studio Solution File, Format Version 12.00
# Visual Studio Version 17
VisualStudioVersion = 17.7.34221.43
MinimumVisualStudioVersion = 10.0.40219.1
Project("{C9674DCB-5085-4A16-B785-4C70DD1589BD}") = "DWH Project Ver2", "DWH Project Ver2\DWH Project Ver2.dtproj", "{5C44D032-0B60-436C-8B16-1ABE2EE5A9B5}"
EndProject
Global
	GlobalSection(SolutionConfigurationPlatforms) = preSolution
		Development|Default = Development|Default
	EndGlobalSection
	GlobalSection(ProjectConfigurationPlatforms) = postSolution
		{5C44D032-0B60-436C-8B16-1ABE2EE5A9B5}.Development|Default.ActiveCfg = Development
		{5C44D032-0B60-436C-8B16-1ABE2EE5A9B5}.Development|Default.Build.0 = Development
	EndGlobalSection
	GlobalSection(SolutionProperties) = preSolution
		HideSolutionNode = FALSE
	EndGlobalSection
	GlobalSection(ExtensibilityGlobals) = postSolution
		SolutionGuid = {17E16B94-B002-4803-A319-3467EBD60DB8}
	EndGlobalSection
EndGlobal
